
Microsoft Visual Studio Solution File, Format Version 12.00
# Visual Studio 15
VisualStudioVersion = 15.0.28307.136
MinimumVisualStudioVersion = 10.0.40219.1
Project("{FAE04EC0-301F-11D3-BF4B-00C04F79EFBC}") = "Beadle.Core.Android", "Beadle.Core\Beadle.Core.Android\Beadle.Core.Android.csproj", "{FA87B306-EBF0-4650-B7FE-713779E4EF4B}"
EndProject
Project("{FAE04EC0-301F-11D3-BF4B-00C04F79EFBC}") = "Beadle.Core.iOS", "Beadle.Core\Beadle.Core.iOS\Beadle.Core.iOS.csproj", "{088A947E-E164-4C23-ADCC-FDB3186C57B7}"
EndProject
Project("{FAE04EC0-301F-11D3-BF4B-00C04F79EFBC}") = "Beadle.Core", "Beadle.Core\Beadle.Core\Beadle.Core.csproj", "{4F45C085-CDAD-418D-8C64-5657F893D082}"
EndProject
Global
	GlobalSection(SolutionConfigurationPlatforms) = preSolution
		Ad-Hoc|Any CPU = Ad-Hoc|Any CPU
		Ad-Hoc|iPhone = Ad-Hoc|iPhone
		Ad-Hoc|iPhoneSimulator = Ad-Hoc|iPhoneSimulator
		AppStore|Any CPU = AppStore|Any CPU
		AppStore|iPhone = AppStore|iPhone
		AppStore|iPhoneSimulator = AppStore|iPhoneSimulator
		Debug|Any CPU = Debug|Any CPU
		Debug|iPhone = Debug|iPhone
		Debug|iPhoneSimulator = Debug|iPhoneSimulator
		Release|Any CPU = Release|Any CPU
		Release|iPhone = Release|iPhone
		Release|iPhoneSimulator = Release|iPhoneSimulator
	EndGlobalSection
	GlobalSection(ProjectConfigurationPlatforms) = postSolution
		{FA87B306-EBF0-4650-B7FE-713779E4EF4B}.Ad-Hoc|Any CPU.ActiveCfg = Release|Any CPU
		{FA87B306-EBF0-4650-B7FE-713779E4EF4B}.Ad-Hoc|Any CPU.Build.0 = Release|Any CPU
		{FA87B306-EBF0-4650-B7FE-713779E4EF4B}.Ad-Hoc|Any CPU.Deploy.0 = Release|Any CPU
		{FA87B306-EBF0-4650-B7FE-713779E4EF4B}.Ad-Hoc|iPhone.ActiveCfg = Release|Any CPU
		{FA87B306-EBF0-4650-B7FE-713779E4EF4B}.Ad-Hoc|iPhone.Build.0 = Release|Any CPU
		{FA87B306-EBF0-4650-B7FE-713779E4EF4B}.Ad-Hoc|iPhone.Deploy.0 = Release|Any CPU
		{FA87B306-EBF0-4650-B7FE-713779E4EF4B}.Ad-Hoc|iPhoneSimulator.ActiveCfg = Release|Any CPU
		{FA87B306-EBF0-4650-B7FE-713779E4EF4B}.Ad-Hoc|iPhoneSimulator.Build.0 = Release|Any CPU
		{FA87B306-EBF0-4650-B7FE-713779E4EF4B}.Ad-Hoc|iPhoneSimulator.Deploy.0 = Release|Any CPU
		{FA87B306-EBF0-4650-B7FE-713779E4EF4B}.AppStore|Any CPU.ActiveCfg = Release|Any CPU
		{FA87B306-EBF0-4650-B7FE-713779E4EF4B}.AppStore|Any CPU.Build.0 = Release|Any CPU
		{FA87B306-EBF0-4650-B7FE-713779E4EF4B}.AppStore|Any CPU.Deploy.0 = Release|Any CPU
		{FA87B306-EBF0-4650-B7FE-713779E4EF4B}.AppStore|iPhone.ActiveCfg = Release|Any CPU
		{FA87B306-EBF0-4650-B7FE-713779E4EF4B}.AppStore|iPhone.Build.0 = Release|Any CPU
		{FA87B306-EBF0-4650-B7FE-713779E4EF4B}.AppStore|iPhone.Deploy.0 = Release|Any CPU
		{FA87B306-EBF0-4650-B7FE-713779E4EF4B}.AppStore|iPhoneSimulator.ActiveCfg = Release|Any CPU
		{FA87B306-EBF0-4650-B7FE-713779E4EF4B}.AppStore|iPhoneSimulator.Build.0 = Release|Any CPU
		{FA87B306-EBF0-4650-B7FE-713779E4EF4B}.AppStore|iPhoneSimulator.Deploy.0 = Release|Any CPU
		{FA87B306-EBF0-4650-B7FE-713779E4EF4B}.Debug|Any CPU.ActiveCfg = Debug|Any CPU
		{FA87B306-EBF0-4650-B7FE-713779E4EF4B}.Debug|Any CPU.Build.0 = Debug|Any CPU
		{FA87B306-EBF0-4650-B7FE-713779E4EF4B}.Debug|Any CPU.Deploy.0 = Debug|Any CPU
		{FA87B306-EBF0-4650-B7FE-713779E4EF4B}.Debug|iPhone.ActiveCfg = Debug|Any CPU
		{FA87B306-EBF0-4650-B7FE-713779E4EF4B}.Debug|iPhone.Build.0 = Debug|Any CPU
		{FA87B306-EBF0-4650-B7FE-713779E4EF4B}.Debug|iPhone.Deploy.0 = Debug|Any CPU
		{FA87B306-EBF0-4650-B7FE-713779E4EF4B}.Debug|iPhoneSimulator.ActiveCfg = Debug|Any CPU
		{FA87B306-EBF0-4650-B7FE-713779E4EF4B}.Debug|iPhoneSimulator.Build.0 = Debug|Any CPU
		{FA87B306-EBF0-4650-B7FE-713779E4EF4B}.Debug|iPhoneSimulator.Deploy.0 = Debug|Any CPU
		{FA87B306-EBF0-4650-B7FE-713779E4EF4B}.Release|Any CPU.ActiveCfg = Release|Any CPU
		{FA87B306-EBF0-4650-B7FE-713779E4EF4B}.Release|Any CPU.Build.0 = Release|Any CPU
		{FA87B306-EBF0-4650-B7FE-713779E4EF4B}.Release|Any CPU.Deploy.0 = Release|Any CPU
		{FA87B306-EBF0-4650-B7FE-713779E4EF4B}.Release|iPhone.ActiveCfg = Release|Any CPU
		{FA87B306-EBF0-4650-B7FE-713779E4EF4B}.Release|iPhone.Build.0 = Release|Any CPU
		{FA87B306-EBF0-4650-B7FE-713779E4EF4B}.Release|iPhone.Deploy.0 = Release|Any CPU
		{FA87B306-EBF0-4650-B7FE-713779E4EF4B}.Release|iPhoneSimulator.ActiveCfg = Release|Any CPU
		{FA87B306-EBF0-4650-B7FE-713779E4EF4B}.Release|iPhoneSimulator.Build.0 = Release|Any CPU
		{FA87B306-EBF0-4650-B7FE-713779E4EF4B}.Release|iPhoneSimulator.Deploy.0 = Release|Any CPU
		{088A947E-E164-4C23-ADCC-FDB3186C57B7}.Ad-Hoc|Any CPU.ActiveCfg = Ad-Hoc|iPhone
		{088A947E-E164-4C23-ADCC-FDB3186C57B7}.Ad-Hoc|Any CPU.Build.0 = Ad-Hoc|iPhone
		{088A947E-E164-4C23-ADCC-FDB3186C57B7}.Ad-Hoc|Any CPU.Deploy.0 = Ad-Hoc|iPhone
		{088A947E-E164-4C23-ADCC-FDB3186C57B7}.Ad-Hoc|iPhone.ActiveCfg = Ad-Hoc|iPhone
		{088A947E-E164-4C23-ADCC-FDB3186C57B7}.Ad-Hoc|iPhone.Build.0 = Ad-Hoc|iPhone
		{088A947E-E164-4C23-ADCC-FDB3186C57B7}.Ad-Hoc|iPhone.Deploy.0 = Ad-Hoc|iPhone
		{088A947E-E164-4C23-ADCC-FDB3186C57B7}.Ad-Hoc|iPhoneSimulator.ActiveCfg = Ad-Hoc|iPhoneSimulator
		{088A947E-E164-4C23-ADCC-FDB3186C57B7}.Ad-Hoc|iPhoneSimulator.Build.0 = Ad-Hoc|iPhoneSimulator
		{088A947E-E164-4C23-ADCC-FDB3186C57B7}.Ad-Hoc|iPhoneSimulator.Deploy.0 = Ad-Hoc|iPhoneSimulator
		{088A947E-E164-4C23-ADCC-FDB3186C57B7}.AppStore|Any CPU.ActiveCfg = AppStore|iPhone
		{088A947E-E164-4C23-ADCC-FDB3186C57B7}.AppStore|Any CPU.Build.0 = AppStore|iPhone
		{088A947E-E164-4C23-ADCC-FDB3186C57B7}.AppStore|Any CPU.Deploy.0 = AppStore|iPhone
		{088A947E-E164-4C23-ADCC-FDB3186C57B7}.AppStore|iPhone.ActiveCfg = AppStore|iPhone
		{088A947E-E164-4C23-ADCC-FDB3186C57B7}.AppStore|iPhone.Build.0 = AppStore|iPhone
		{088A947E-E164-4C23-ADCC-FDB3186C57B7}.AppStore|iPhone.Deploy.0 = AppStore|iPhone
		{088A947E-E164-4C23-ADCC-FDB3186C57B7}.AppStore|iPhoneSimulator.ActiveCfg = AppStore|iPhoneSimulator
		{088A947E-E164-4C23-ADCC-FDB3186C57B7}.AppStore|iPhoneSimulator.Build.0 = AppStore|iPhoneSimulator
		{088A947E-E164-4C23-ADCC-FDB3186C57B7}.AppStore|iPhoneSimulator.Deploy.0 = AppStore|iPhoneSimulator
		{088A947E-E164-4C23-ADCC-FDB3186C57B7}.Debug|Any CPU.ActiveCfg = Debug|iPhoneSimulator
		{088A947E-E164-4C23-ADCC-FDB3186C57B7}.Debug|Any CPU.Build.0 = Debug|iPhoneSimulator
		{088A947E-E164-4C23-ADCC-FDB3186C57B7}.Debug|Any CPU.Deploy.0 = Debug|iPhoneSimulator
		{088A947E-E164-4C23-ADCC-FDB3186C57B7}.Debug|iPhone.ActiveCfg = Debug|iPhone
		{088A947E-E164-4C23-ADCC-FDB3186C57B7}.Debug|iPhone.Build.0 = Debug|iPhone
		{088A947E-E164-4C23-ADCC-FDB3186C57B7}.Debug|iPhone.Deploy.0 = Debug|iPhone
		{088A947E-E164-4C23-ADCC-FDB3186C57B7}.Debug|iPhoneSimulator.ActiveCfg = Debug|iPhoneSimulator
		{088A947E-E164-4C23-ADCC-FDB3186C57B7}.Debug|iPhoneSimulator.Build.0 = Debug|iPhoneSimulator
		{088A947E-E164-4C23-ADCC-FDB3186C57B7}.Debug|iPhoneSimulator.Deploy.0 = Debug|iPhoneSimulator
		{088A947E-E164-4C23-ADCC-FDB3186C57B7}.Release|Any CPU.ActiveCfg = Release|iPhone
		{088A947E-E164-4C23-ADCC-FDB3186C57B7}.Release|Any CPU.Build.0 = Release|iPhone
		{088A947E-E164-4C23-ADCC-FDB3186C57B7}.Release|Any CPU.Deploy.0 = Release|iPhone
		{088A947E-E164-4C23-ADCC-FDB3186C57B7}.Release|iPhone.ActiveCfg = Release|iPhone
		{088A947E-E164-4C23-ADCC-FDB3186C57B7}.Release|iPhone.Build.0 = Release|iPhone
		{088A947E-E164-4C23-ADCC-FDB3186C57B7}.Release|iPhone.Deploy.0 = Release|iPhone
		{088A947E-E164-4C23-ADCC-FDB3186C57B7}.Release|iPhoneSimulator.ActiveCfg = Release|iPhoneSimulator
		{088A947E-E164-4C23-ADCC-FDB3186C57B7}.Release|iPhoneSimulator.Build.0 = Release|iPhoneSimulator
		{088A947E-E164-4C23-ADCC-FDB3186C57B7}.Release|iPhoneSimulator.Deploy.0 = Release|iPhoneSimulator
		{4F45C085-CDAD-418D-8C64-5657F893D082}.Ad-Hoc|Any CPU.ActiveCfg = Debug|Any CPU
		{4F45C085-CDAD-418D-8C64-5657F893D082}.Ad-Hoc|Any CPU.Build.0 = Debug|Any CPU
		{4F45C085-CDAD-418D-8C64-5657F893D082}.Ad-Hoc|Any CPU.Deploy.0 = Debug|Any CPU
		{4F45C085-CDAD-418D-8C64-5657F893D082}.Ad-Hoc|iPhone.ActiveCfg = Debug|Any CPU
		{4F45C085-CDAD-418D-8C64-5657F893D082}.Ad-Hoc|iPhone.Build.0 = Debug|Any CPU
		{4F45C085-CDAD-418D-8C64-5657F893D082}.Ad-Hoc|iPhone.Deploy.0 = Debug|Any CPU
		{4F45C085-CDAD-418D-8C64-5657F893D082}.Ad-Hoc|iPhoneSimulator.ActiveCfg = Debug|Any CPU
		{4F45C085-CDAD-418D-8C64-5657F893D082}.Ad-Hoc|iPhoneSimulator.Build.0 = Debug|Any CPU
		{4F45C085-CDAD-418D-8C64-5657F893D082}.Ad-Hoc|iPhoneSimulator.Deploy.0 = Debug|Any CPU
		{4F45C085-CDAD-418D-8C64-5657F893D082}.AppStore|Any CPU.ActiveCfg = Debug|Any CPU
		{4F45C085-CDAD-418D-8C64-5657F893D082}.AppStore|Any CPU.Build.0 = Debug|Any CPU
		{4F45C085-CDAD-418D-8C64-5657F893D082}.AppStore|Any CPU.Deploy.0 = Debug|Any CPU
		{4F45C085-CDAD-418D-8C64-5657F893D082}.AppStore|iPhone.ActiveCfg = Debug|Any CPU
		{4F45C085-CDAD-418D-8C64-5657F893D082}.AppStore|iPhone.Build.0 = Debug|Any CPU
		{4F45C085-CDAD-418D-8C64-5657F893D082}.AppStore|iPhone.Deploy.0 = Debug|Any CPU
		{4F45C085-CDAD-418D-8C64-5657F893D082}.AppStore|iPhoneSimulator.ActiveCfg = Debug|Any CPU
		{4F45C085-CDAD-418D-8C64-5657F893D082}.AppStore|iPhoneSimulator.Build.0 = Debug|Any CPU
		{4F45C085-CDAD-418D-8C64-5657F893D082}.AppStore|iPhoneSimulator.Deploy.0 = Debug|Any CPU
		{4F45C085-CDAD-418D-8C64-5657F893D082}.Debug|Any CPU.ActiveCfg = Debug|Any CPU
		{4F45C085-CDAD-418D-8C64-5657F893D082}.Debug|Any CPU.Build.0 = Debug|Any CPU
		{4F45C085-CDAD-418D-8C64-5657F893D082}.Debug|Any CPU.Deploy.0 = Debug|Any CPU
		{4F45C085-CDAD-418D-8C64-5657F893D082}.Debug|iPhone.ActiveCfg = Debug|Any CPU
		{4F45C085-CDAD-418D-8C64-5657F893D082}.Debug|iPhone.Build.0 = Debug|Any CPU
		{4F45C085-CDAD-418D-8C64-5657F893D082}.Debug|iPhone.Deploy.0 = Debug|Any CPU
		{4F45C085-CDAD-418D-8C64-5657F893D082}.Debug|iPhoneSimulator.ActiveCfg = Debug|Any CPU
		{4F45C085-CDAD-418D-8C64-5657F893D082}.Debug|iPhoneSimulator.Build.0 = Debug|Any CPU
		{4F45C085-CDAD-418D-8C64-5657F893D082}.Debug|iPhoneSimulator.Deploy.0 = Debug|Any CPU
		{4F45C085-CDAD-418D-8C64-5657F893D082}.Release|Any CPU.ActiveCfg = Release|Any CPU
		{4F45C085-CDAD-418D-8C64-5657F893D082}.Release|Any CPU.Build.0 = Release|Any CPU
		{4F45C085-CDAD-418D-8C64-5657F893D082}.Release|Any CPU.Deploy.0 = Release|Any CPU
		{4F45C085-CDAD-418D-8C64-5657F893D082}.Release|iPhone.ActiveCfg = Release|Any CPU
		{4F45C085-CDAD-418D-8C64-5657F893D082}.Release|iPhone.Build.0 = Release|Any CPU
		{4F45C085-CDAD-418D-8C64-5657F893D082}.Release|iPhone.Deploy.0 = Release|Any CPU
		{4F45C085-CDAD-418D-8C64-5657F893D082}.Release|iPhoneSimulator.ActiveCfg = Release|Any CPU
		{4F45C085-CDAD-418D-8C64-5657F893D082}.Release|iPhoneSimulator.Build.0 = Release|Any CPU
		{4F45C085-CDAD-418D-8C64-5657F893D082}.Release|iPhoneSimulator.Deploy.0 = Release|Any CPU
	EndGlobalSection
	GlobalSection(SolutionProperties) = preSolution
		HideSolutionNode = FALSE
	EndGlobalSection
	GlobalSection(ExtensibilityGlobals) = postSolution
		SolutionGuid = {D9E3108C-2F0A-4A06-8EA1-AE67C916B214}
	EndGlobalSection
EndGlobal
