
Microsoft Visual Studio Solution File, Format Version 12.00
# Visual Studio 15
VisualStudioVersion = 15.0.28010.2050
MinimumVisualStudioVersion = 10.0.40219.1
Project("{FAE04EC0-301F-11D3-BF4B-00C04F79EFBC}") = "OOP_Project", "OOP_Project\OOP_Project.csproj", "{29092FE7-4740-4734-9DD5-0731AFB9D908}"
EndProject
Global
	GlobalSection(SolutionConfigurationPlatforms) = preSolution
		Debug|Any CPU = Debug|Any CPU
		Release|Any CPU = Release|Any CPU
	EndGlobalSection
	GlobalSection(ProjectConfigurationPlatforms) = postSolution
		{29092FE7-4740-4734-9DD5-0731AFB9D908}.Debug|Any CPU.ActiveCfg = Debug|Any CPU
		{29092FE7-4740-4734-9DD5-0731AFB9D908}.Debug|Any CPU.Build.0 = Debug|Any CPU
		{29092FE7-4740-4734-9DD5-0731AFB9D908}.Release|Any CPU.ActiveCfg = Release|Any CPU
		{29092FE7-4740-4734-9DD5-0731AFB9D908}.Release|Any CPU.Build.0 = Release|Any CPU
	EndGlobalSection
	GlobalSection(SolutionProperties) = preSolution
		HideSolutionNode = FALSE
	EndGlobalSection
	GlobalSection(ExtensibilityGlobals) = postSolution
		SolutionGuid = {A1499D81-5CD0-46D1-BE89-B816EA9AE496}
	EndGlobalSection
EndGlobal
