
Microsoft Visual Studio Solution File, Format Version 12.00
# Visual Studio 15
VisualStudioVersion = 15.0.27703.2000
MinimumVisualStudioVersion = 10.0.40219.1
Project("{FAE04EC0-301F-11D3-BF4B-00C04F79EFBC}") = "OOP_Project", "OOP_Project\OOP_Project.csproj", "{68821E97-14B7-40A5-B977-71C5ACDDFF6E}"
EndProject
Global
	GlobalSection(SolutionConfigurationPlatforms) = preSolution
		Debug|Any CPU = Debug|Any CPU
		Release|Any CPU = Release|Any CPU
	EndGlobalSection
	GlobalSection(ProjectConfigurationPlatforms) = postSolution
		{68821E97-14B7-40A5-B977-71C5ACDDFF6E}.Debug|Any CPU.ActiveCfg = Debug|Any CPU
		{68821E97-14B7-40A5-B977-71C5ACDDFF6E}.Debug|Any CPU.Build.0 = Debug|Any CPU
		{68821E97-14B7-40A5-B977-71C5ACDDFF6E}.Release|Any CPU.ActiveCfg = Release|Any CPU
		{68821E97-14B7-40A5-B977-71C5ACDDFF6E}.Release|Any CPU.Build.0 = Release|Any CPU
	EndGlobalSection
	GlobalSection(SolutionProperties) = preSolution
		HideSolutionNode = FALSE
	EndGlobalSection
	GlobalSection(ExtensibilityGlobals) = postSolution
		SolutionGuid = {7299CDCC-AB00-4294-B0A2-B3366A9DDD54}
	EndGlobalSection
EndGlobal
